
Microsoft Visual Studio Solution File, Format Version 12.00
# Visual Studio Version 17
VisualStudioVersion = 17.9.34616.47
MinimumVisualStudioVersion = 10.0.40219.1
Project("{FAE04EC0-301F-11D3-BF4B-00C04F79EFBC}") = "SupermarketMVP", "SupermarketMVP\SupermarketMVP.csproj", "{CC3583D3-7838-4546-9F7D-078B374FAC29}"
EndProject
Global
	GlobalSection(SolutionConfigurationPlatforms) = preSolution
		Debug|Any CPU = Debug|Any CPU
		Release|Any CPU = Release|Any CPU
	EndGlobalSection
	GlobalSection(ProjectConfigurationPlatforms) = postSolution
		{CC3583D3-7838-4546-9F7D-078B374FAC29}.Debug|Any CPU.ActiveCfg = Debug|Any CPU
		{CC3583D3-7838-4546-9F7D-078B374FAC29}.Debug|Any CPU.Build.0 = Debug|Any CPU
		{CC3583D3-7838-4546-9F7D-078B374FAC29}.Release|Any CPU.ActiveCfg = Release|Any CPU
		{CC3583D3-7838-4546-9F7D-078B374FAC29}.Release|Any CPU.Build.0 = Release|Any CPU
	EndGlobalSection
	GlobalSection(SolutionProperties) = preSolution
		HideSolutionNode = FALSE
	EndGlobalSection
	GlobalSection(ExtensibilityGlobals) = postSolution
		SolutionGuid = {4840303B-AB36-4B76-BB3F-A1EC972D6A76}
	EndGlobalSection
EndGlobal
